// !$*UTF8*$!
{
	archiveVersion = 1;
	classes = {
	};
	objectVersion = 46;
	objects = {

/* Begin PBXBuildFile section */
		929587791A63D12B00448322 /* main.m in Sources */ = {isa = PBXBuildFile; fileRef = 929587781A63D12B00448322 /* main.m */; };
		9295877C1A63D12B00448322 /* AppDelegate.m in Sources */ = {isa = PBXBuildFile; fileRef = 9295877B1A63D12B00448322 /* AppDelegate.m */; };
		9295877F1A63D12B00448322 /* ViewController.m in Sources */ = {isa = PBXBuildFile; fileRef = 9295877E1A63D12B00448322 /* ViewController.m */; };
		929587821A63D12B00448322 /* Main.storyboard in Resources */ = {isa = PBXBuildFile; fileRef = 929587801A63D12B00448322 /* Main.storyboard */; };
		929587841A63D12B00448322 /* Images.xcassets in Resources */ = {isa = PBXBuildFile; fileRef = 929587831A63D12B00448322 /* Images.xcassets */; };
		929587871A63D12B00448322 /* LaunchScreen.xib in Resources */ = {isa = PBXBuildFile; fileRef = 929587851A63D12B00448322 /* LaunchScreen.xib */; };
		929587931A63D12B00448322 /* MyFourthAppTests.m in Sources */ = {isa = PBXBuildFile; fileRef = 929587921A63D12B00448322 /* MyFourthAppTests.m */; };
/* End PBXBuildFile section */

/* Begin PBXContainerItemProxy section */
		9295878D1A63D12B00448322 /* PBXContainerItemProxy */ = {
			isa = PBXContainerItemProxy;
			containerPortal = 9295876B1A63D12B00448322 /* Project object */;
			proxyType = 1;
			remoteGlobalIDString = 929587721A63D12B00448322;
			remoteInfo = MyFourthApp;
		};
/* End PBXContainerItemProxy section */

/* Begin PBXFileReference section */
		929587731A63D12B00448322 /* MyFourthApp.app */ = {isa = PBXFileReference; explicitFileType = wrapper.application; includeInIndex = 0; path = MyFourthApp.app; sourceTree = BUILT_PRODUCTS_DIR; };
		929587771A63D12B00448322 /* Info.plist */ = {isa = PBXFileReference; lastKnownFileType = text.plist.xml; path = Info.plist; sourceTree = "<group>"; };
		929587781A63D12B00448322 /* main.m */ = {isa = PBXFileReference; lastKnownFileType = sourcecode.c.objc; path = main.m; sourceTree = "<group>"; };
		9295877A1A63D12B00448322 /* AppDelegate.h */ = {isa = PBXFileReference; lastKnownFileType = sourcecode.c.h; path = AppDelegate.h; sourceTree = "<group>"; };
		9295877B1A63D12B00448322 /* AppDelegate.m */ = {isa = PBXFileReference; lastKnownFileType = sourcecode.c.objc; path = AppDelegate.m; sourceTree = "<group>"; };
		9295877D1A63D12B00448322 /* ViewController.h */ = {isa = PBXFileReference; lastKnownFileType = sourcecode.c.h; path = ViewController.h; sourceTree = "<group>"; };
		9295877E1A63D12B00448322 /* ViewController.m */ = {isa = PBXFileReference; lastKnownFileType = sourcecode.c.objc; path = ViewController.m; sourceTree = "<group>"; };
		929587811A63D12B00448322 /* Base */ = {isa = PBXFileReference; lastKnownFileType = file.storyboard; name = Base; path = Base.lproj/Main.storyboard; sourceTree = "<group>"; };
		929587831A63D12B00448322 /* Images.xcassets */ = {isa = PBXFileReference; lastKnownFileType = folder.assetcatalog; path = Images.xcassets; sourceTree = "<group>"; };
		929587861A63D12B00448322 /* Base */ = {isa = PBXFileReference; lastKnownFileType = file.xib; name = Base; path = Base.lproj/LaunchScreen.xib; sourceTree = "<group>"; };
		9295878C1A63D12B00448322 /* MyFourthAppTests.xctest */ = {isa = PBXFileReference; explicitFileType = wrapper.cfbundle; includeInIndex = 0; path = MyFourthAppTests.xctest; sourceTree = BUILT_PRODUCTS_DIR; };
		929587911A63D12B00448322 /* Info.plist */ = {isa = PBXFileReference; lastKnownFileType = text.plist.xml; path = Info.plist; sourceTree = "<group>"; };
		929587921A63D12B00448322 /* MyFourthAppTests.m */ = {isa = PBXFileReference; lastKnownFileType = sourcecode.c.objc; path = MyFourthAppTests.m; sourceTree = "<group>"; };
/* End PBXFileReference section */

/* Begin PBXFrameworksBuildPhase section */
		929587701A63D12B00448322 /* Frameworks */ = {
			isa = PBXFrameworksBuildPhase;
			buildActionMask = 2147483647;
			files = (
			);
			runOnlyForDeploymentPostprocessing = 0;
		};
		929587891A63D12B00448322 /* Frameworks */ = {
			isa = PBXFrameworksBuildPhase;
			buildActionMask = 2147483647;
			files = (
			);
			runOnlyForDeploymentPostprocessing = 0;
		};
/* End PBXFrameworksBuildPhase section */

/* Begin PBXGroup section */
		9295876A1A63D12B00448322 = {
			isa = PBXGroup;
			children = (
				929587751A63D12B00448322 /* MyFourthApp */,
				9295878F1A63D12B00448322 /* MyFourthAppTests */,
				929587741A63D12B00448322 /* Products */,
			);
			sourceTree = "<group>";
		};
		929587741A63D12B00448322 /* Products */ = {
			isa = PBXGroup;
			children = (
				929587731A63D12B00448322 /* MyFourthApp.app */,
				9295878C1A63D12B00448322 /* MyFourthAppTests.xctest */,
			);
			name = Products;
			sourceTree = "<group>";
		};
		929587751A63D12B00448322 /* MyFourthApp */ = {
			isa = PBXGroup;
			children = (
				9295877A1A63D12B00448322 /* AppDelegate.h */,
				9295877B1A63D12B00448322 /* AppDelegate.m */,
				9295877D1A63D12B00448322 /* ViewController.h */,
				9295877E1A63D12B00448322 /* ViewController.m */,
				929587801A63D12B00448322 /* Main.storyboard */,
				929587831A63D12B00448322 /* Images.xcassets */,
				929587851A63D12B00448322 /* LaunchScreen.xib */,
				929587761A63D12B00448322 /* Supporting Files */,
			);
			path = MyFourthApp;
			sourceTree = "<group>";
		};
		929587761A63D12B00448322 /* Supporting Files */ = {
			isa = PBXGroup;
			children = (
				929587771A63D12B00448322 /* Info.plist */,
				929587781A63D12B00448322 /* main.m */,
			);
			name = "Supporting Files";
			sourceTree = "<group>";
		};
		9295878F1A63D12B00448322 /* MyFourthAppTests */ = {
			isa = PBXGroup;
			children = (
				929587921A63D12B00448322 /* MyFourthAppTests.m */,
				929587901A63D12B00448322 /* Supporting Files */,
			);
			path = MyFourthAppTests;
			sourceTree = "<group>";
		};
		929587901A63D12B00448322 /* Supporting Files */ = {
			isa = PBXGroup;
			children = (
				929587911A63D12B00448322 /* Info.plist */,
			);
			name = "Supporting Files";
			sourceTree = "<group>";
		};
/* End PBXGroup section */

/* Begin PBXNativeTarget section */
		929587721A63D12B00448322 /* MyFourthApp */ = {
			isa = PBXNativeTarget;
			buildConfigurationList = 929587961A63D12B00448322 /* Build configuration list for PBXNativeTarget "MyFourthApp" */;
			buildPhases = (
				9295876F1A63D12B00448322 /* Sources */,
				929587701A63D12B00448322 /* Frameworks */,
				929587711A63D12B00448322 /* Resources */,
			);
			buildRules = (
			);
			dependencies = (
			);
			name = MyFourthApp;
			productName = MyFourthApp;
			productReference = 929587731A63D12B00448322 /* MyFourthApp.app */;
			productType = "com.apple.product-type.application";
		};
		9295878B1A63D12B00448322 /* MyFourthAppTests */ = {
			isa = PBXNativeTarget;
			buildConfigurationList = 929587991A63D12B00448322 /* Build configuration list for PBXNativeTarget "MyFourthAppTests" */;
			buildPhases = (
				929587881A63D12B00448322 /* Sources */,
				929587891A63D12B00448322 /* Frameworks */,
				9295878A1A63D12B00448322 /* Resources */,
			);
			buildRules = (
			);
			dependencies = (
				9295878E1A63D12B00448322 /* PBXTargetDependency */,
			);
			name = MyFourthAppTests;
			productName = MyFourthAppTests;
			productReference = 9295878C1A63D12B00448322 /* MyFourthAppTests.xctest */;
			productType = "com.apple.product-type.bundle.unit-test";
		};
/* End PBXNativeTarget section */

/* Begin PBXProject section */
		9295876B1A63D12B00448322 /* Project object */ = {
			isa = PBXProject;
			attributes = {
				LastUpgradeCheck = 0610;
				ORGANIZATIONNAME = "森川 かおり";
				TargetAttributes = {
					929587721A63D12B00448322 = {
						CreatedOnToolsVersion = 6.1.1;
					};
					9295878B1A63D12B00448322 = {
						CreatedOnToolsVersion = 6.1.1;
						TestTargetID = 929587721A63D12B00448322;
					};
				};
			};
			buildConfigurationList = 9295876E1A63D12B00448322 /* Build configuration list for PBXProject "MyFourthApp" */;
			compatibilityVersion = "Xcode 3.2";
			developmentRegion = English;
			hasScannedForEncodings = 0;
			knownRegions = (
				en,
				Base,
			);
			mainGroup = 9295876A1A63D12B00448322;
			productRefGroup = 929587741A63D12B00448322 /* Products */;
			projectDirPath = "";
			projectRoot = "";
			targets = (
				929587721A63D12B00448322 /* MyFourthApp */,
				9295878B1A63D12B00448322 /* MyFourthAppTests */,
			);
		};
/* End PBXProject section */

/* Begin PBXResourcesBuildPhase section */
		929587711A63D12B00448322 /* Resources */ = {
			isa = PBXResourcesBuildPhase;
			buildActionMask = 2147483647;
			files = (
				929587821A63D12B00448322 /* Main.storyboard in Resources */,
				929587871A63D12B00448322 /* LaunchScreen.xib in Resources */,
				929587841A63D12B00448322 /* Images.xcassets in Resources */,
			);
			runOnlyForDeploymentPostprocessing = 0;
		};
		9295878A1A63D12B00448322 /* Resources */ = {
			isa = PBXResourcesBuildPhase;
			buildActionMask = 2147483647;
			files = (
			);
			runOnlyForDeploymentPostprocessing = 0;
		};
/* End PBXResourcesBuildPhase section */

/* Begin PBXSourcesBuildPhase section */
		9295876F1A63D12B00448322 /* Sources */ = {
			isa = PBXSourcesBuildPhase;
			buildActionMask = 2147483647;
			files = (
				9295877F1A63D12B00448322 /* ViewController.m in Sources */,
				9295877C1A63D12B00448322 /* AppDelegate.m in Sources */,
				929587791A63D12B00448322 /* main.m in Sources */,
			);
			runOnlyForDeploymentPostprocessing = 0;
		};
		929587881A63D12B00448322 /* Sources */ = {
			isa = PBXSourcesBuildPhase;
			buildActionMask = 2147483647;
			files = (
				929587931A63D12B00448322 /* MyFourthAppTests.m in Sources */,
			);
			runOnlyForDeploymentPostprocessing = 0;
		};
/* End PBXSourcesBuildPhase section */

/* Begin PBXTargetDependency section */
		9295878E1A63D12B00448322 /* PBXTargetDependency */ = {
			isa = PBXTargetDependency;
			target = 929587721A63D12B00448322 /* MyFourthApp */;
			targetProxy = 9295878D1A63D12B00448322 /* PBXContainerItemProxy */;
		};
/* End PBXTargetDependency section */

/* Begin PBXVariantGroup section */
		929587801A63D12B00448322 /* Main.storyboard */ = {
			isa = PBXVariantGroup;
			children = (
				929587811A63D12B00448322 /* Base */,
			);
			name = Main.storyboard;
			sourceTree = "<group>";
		};
		929587851A63D12B00448322 /* LaunchScreen.xib */ = {
			isa = PBXVariantGroup;
			children = (
				929587861A63D12B00448322 /* Base */,
			);
			name = LaunchScreen.xib;
			sourceTree = "<group>";
		};
/* End PBXVariantGroup section */

/* Begin XCBuildConfiguration section */
		929587941A63D12B00448322 /* Debug */ = {
			isa = XCBuildConfiguration;
			buildSettings = {
				ALWAYS_SEARCH_USER_PATHS = NO;
				CLANG_CXX_LANGUAGE_STANDARD = "gnu++0x";
				CLANG_CXX_LIBRARY = "libc++";
				CLANG_ENABLE_MODULES = YES;
				CLANG_ENABLE_OBJC_ARC = YES;
				CLANG_WARN_BOOL_CONVERSION = YES;
				CLANG_WARN_CONSTANT_CONVERSION = YES;
				CLANG_WARN_DIRECT_OBJC_ISA_USAGE = YES_ERROR;
				CLANG_WARN_EMPTY_BODY = YES;
				CLANG_WARN_ENUM_CONVERSION = YES;
				CLANG_WARN_INT_CONVERSION = YES;
				CLANG_WARN_OBJC_ROOT_CLASS = YES_ERROR;
				CLANG_WARN_UNREACHABLE_CODE = YES;
				CLANG_WARN__DUPLICATE_METHOD_MATCH = YES;
				"CODE_SIGN_IDENTITY[sdk=iphoneos*]" = "iPhone Developer";
				COPY_PHASE_STRIP = NO;
				ENABLE_STRICT_OBJC_MSGSEND = YES;
				GCC_C_LANGUAGE_STANDARD = gnu99;
				GCC_DYNAMIC_NO_PIC = NO;
				GCC_OPTIMIZATION_LEVEL = 0;
				GCC_PREPROCESSOR_DEFINITIONS = (
					"DEBUG=1",
					"$(inherited)",
				);
				GCC_SYMBOLS_PRIVATE_EXTERN = NO;
				GCC_WARN_64_TO_32_BIT_CONVERSION = YES;
				GCC_WARN_ABOUT_RETURN_TYPE = YES_ERROR;
				GCC_WARN_UNDECLARED_SELECTOR = YES;
				GCC_WARN_UNINITIALIZED_AUTOS = YES_AGGRESSIVE;
				GCC_WARN_UNUSED_FUNCTION = YES;
				GCC_WARN_UNUSED_VARIABLE = YES;
				IPHONEOS_DEPLOYMENT_TARGET = 8.1;
				MTL_ENABLE_DEBUG_INFO = YES;
				ONLY_ACTIVE_ARCH = YES;
				SDKROOT = iphoneos;
			};
			name = Debug;
		};
		929587951A63D12B00448322 /* Release */ = {
			isa = XCBuildConfiguration;
			buildSettings = {
				ALWAYS_SEARCH_USER_PATHS = NO;
				CLANG_CXX_LANGUAGE_STANDARD = "gnu++0x";
				CLANG_CXX_LIBRARY = "libc++";
				CLANG_ENABLE_MODULES = YES;
				CLANG_ENABLE_OBJC_ARC = YES;
				CLANG_WARN_BOOL_CONVERSION = YES;
				CLANG_WARN_CONSTANT_CONVERSION = YES;
				CLANG_WARN_DIRECT_OBJC_ISA_USAGE = YES_ERROR;
				CLANG_WARN_EMPTY_BODY = YES;
				CLANG_WARN_ENUM_CONVERSION = YES;
				CLANG_WARN_INT_CONVERSION = YES;
				CLANG_WARN_OBJC_ROOT_CLASS = YES_ERROR;
				CLANG_WARN_UNREACHABLE_CODE = YES;
				CLANG_WARN__DUPLICATE_METHOD_MATCH = YES;
				"CODE_SIGN_IDENTITY[sdk=iphoneos*]" = "iPhone Developer";
				COPY_PHASE_STRIP = YES;
				ENABLE_NS_ASSERTIONS = NO;
				ENABLE_STRICT_OBJC_MSGSEND = YES;
				GCC_C_LANGUAGE_STANDARD = gnu99;
				GCC_WARN_64_TO_32_BIT_CONVERSION = YES;
				GCC_WARN_ABOUT_RETURN_TYPE = YES_ERROR;
				GCC_WARN_UNDECLARED_SELECTOR = YES;
				GCC_WARN_UNINITIALIZED_AUTOS = YES_AGGRESSIVE;
				GCC_WARN_UNUSED_FUNCTION = YES;
				GCC_WARN_UNUSED_VARIABLE = YES;
				IPHONEOS_DEPLOYMENT_TARGET = 8.1;
				MTL_ENABLE_DEBUG_INFO = NO;
				SDKROOT = iphoneos;
				VALIDATE_PRODUCT = YES;
			};
			name = Release;
		};
		929587971A63D12B00448322 /* Debug */ = {
			isa = XCBuildConfiguration;
			buildSettings = {
				ASSETCATALOG_COMPILER_APPICON_NAME = AppIcon;
				INFOPLIST_FILE = MyFourthApp/Info.plist;
				LD_RUNPATH_SEARCH_PATHS = "$(inherited) @executable_path/Frameworks";
				PRODUCT_NAME = "$(TARGET_NAME)";
			};
			name = Debug;
		};
		929587981A63D12B00448322 /* Release */ = {
			isa = XCBuildConfiguration;
			buildSettings = {
				ASSETCATALOG_COMPILER_APPICON_NAME = AppIcon;
				INFOPLIST_FILE = MyFourthApp/Info.plist;
				LD_RUNPATH_SEARCH_PATHS = "$(inherited) @executable_path/Frameworks";
				PRODUCT_NAME = "$(TARGET_NAME)";
			};
			name = Release;
		};
		9295879A1A63D12B00448322 /* Debug */ = {
			isa = XCBuildConfiguration;
			buildSettings = {
				BUNDLE_LOADER = "$(TEST_HOST)";
				FRAMEWORK_SEARCH_PATHS = (
					"$(SDKROOT)/Developer/Library/Frameworks",
					"$(inherited)",
				);
				GCC_PREPROCESSOR_DEFINITIONS = (
					"DEBUG=1",
					"$(inherited)",
				);
				INFOPLIST_FILE = MyFourthAppTests/Info.plist;
				LD_RUNPATH_SEARCH_PATHS = "$(inherited) @executable_path/Frameworks @loader_path/Frameworks";
				PRODUCT_NAME = "$(TARGET_NAME)";
				TEST_HOST = "$(BUILT_PRODUCTS_DIR)/MyFourthApp.app/MyFourthApp";
			};
			name = Debug;
		};
		9295879B1A63D12B00448322 /* Release */ = {
			isa = XCBuildConfiguration;
			buildSettings = {
				BUNDLE_LOADER = "$(TEST_HOST)";
				FRAMEWORK_SEARCH_PATHS = (
					"$(SDKROOT)/Developer/Library/Frameworks",
					"$(inherited)",
				);
				INFOPLIST_FILE = MyFourthAppTests/Info.plist;
				LD_RUNPATH_SEARCH_PATHS = "$(inherited) @executable_path/Frameworks @loader_path/Frameworks";
				PRODUCT_NAME = "$(TARGET_NAME)";
				TEST_HOST = "$(BUILT_PRODUCTS_DIR)/MyFourthApp.app/MyFourthApp";
			};
			name = Release;
		};
/* End XCBuildConfiguration section */

/* Begin XCConfigurationList section */
		9295876E1A63D12B00448322 /* Build configuration list for PBXProject "MyFourthApp" */ = {
			isa = XCConfigurationList;
			buildConfigurations = (
				929587941A63D12B00448322 /* Debug */,
				929587951A63D12B00448322 /* Release */,
			);
			defaultConfigurationIsVisible = 0;
			defaultConfigurationName = Release;
		};
		929587961A63D12B00448322 /* Build configuration list for PBXNativeTarget "MyFourthApp" */ = {
			isa = XCConfigurationList;
			buildConfigurations = (
				929587971A63D12B00448322 /* Debug */,
				929587981A63D12B00448322 /* Release */,
			);
			defaultConfigurationIsVisible = 0;
		};
		929587991A63D12B00448322 /* Build configuration list for PBXNativeTarget "MyFourthAppTests" */ = {
			isa = XCConfigurationList;
			buildConfigurations = (
				9295879A1A63D12B00448322 /* Debug */,
				9295879B1A63D12B00448322 /* Release */,
			);
			defaultConfigurationIsVisible = 0;
		};
/* End XCConfigurationList section */
	};
	rootObject = 9295876B1A63D12B00448322 /* Project object */;
}
